
Microsoft Visual Studio Solution File, Format Version 12.00
# Visual Studio Version 17
VisualStudioVersion = 17.14.37012.4 d17.14
MinimumVisualStudioVersion = 10.0.40219.1
Project("{FAE04EC0-301F-11D3-BF4B-00C04F79EFBC}") = "FilmStudio", "FilmStudio\FilmStudio.csproj", "{3A19FE0E-2B61-444C-A505-8B45E30004CA}"
EndProject
Global
	GlobalSection(SolutionConfigurationPlatforms) = preSolution
		Debug|Any CPU = Debug|Any CPU
		Release|Any CPU = Release|Any CPU
	EndGlobalSection
	GlobalSection(ProjectConfigurationPlatforms) = postSolution
		{3A19FE0E-2B61-444C-A505-8B45E30004CA}.Debug|Any CPU.ActiveCfg = Debug|Any CPU
		{3A19FE0E-2B61-444C-A505-8B45E30004CA}.Debug|Any CPU.Build.0 = Debug|Any CPU
		{3A19FE0E-2B61-444C-A505-8B45E30004CA}.Release|Any CPU.ActiveCfg = Release|Any CPU
		{3A19FE0E-2B61-444C-A505-8B45E30004CA}.Release|Any CPU.Build.0 = Release|Any CPU
	EndGlobalSection
	GlobalSection(SolutionProperties) = preSolution
		HideSolutionNode = FALSE
	EndGlobalSection
	GlobalSection(ExtensibilityGlobals) = postSolution
		SolutionGuid = {B1B15166-7D29-4BD9-84AD-9EEE1D99E603}
	EndGlobalSection
EndGlobal
